
Microsoft Visual Studio Solution File, Format Version 12.00
# Visual Studio Version 17
VisualStudioVersion = 17.0.32014.148
MinimumVisualStudioVersion = 10.0.40219.1
Project("{FAE04EC0-301F-11D3-BF4B-00C04F79EFBC}") = "Boiler_Control_Xamarin.Android", "Boiler_Control_Xamarin\Boiler_Control_Xamarin.Android\Boiler_Control_Xamarin.Android.csproj", "{47226AA1-9A63-4014-99F8-BC61294C9659}"
EndProject
Project("{FAE04EC0-301F-11D3-BF4B-00C04F79EFBC}") = "Boiler_Control_Xamarin", "Boiler_Control_Xamarin\Boiler_Control_Xamarin\Boiler_Control_Xamarin.csproj", "{A8985A5F-5080-4970-B9C8-F44FCE147C41}"
EndProject
Global
	GlobalSection(SolutionConfigurationPlatforms) = preSolution
		Debug|Any CPU = Debug|Any CPU
		Release|Any CPU = Release|Any CPU
	EndGlobalSection
	GlobalSection(ProjectConfigurationPlatforms) = postSolution
		{47226AA1-9A63-4014-99F8-BC61294C9659}.Debug|Any CPU.ActiveCfg = Debug|Any CPU
		{47226AA1-9A63-4014-99F8-BC61294C9659}.Debug|Any CPU.Build.0 = Debug|Any CPU
		{47226AA1-9A63-4014-99F8-BC61294C9659}.Debug|Any CPU.Deploy.0 = Debug|Any CPU
		{47226AA1-9A63-4014-99F8-BC61294C9659}.Release|Any CPU.ActiveCfg = Release|Any CPU
		{47226AA1-9A63-4014-99F8-BC61294C9659}.Release|Any CPU.Build.0 = Release|Any CPU
		{47226AA1-9A63-4014-99F8-BC61294C9659}.Release|Any CPU.Deploy.0 = Release|Any CPU
		{A8985A5F-5080-4970-B9C8-F44FCE147C41}.Debug|Any CPU.ActiveCfg = Debug|Any CPU
		{A8985A5F-5080-4970-B9C8-F44FCE147C41}.Debug|Any CPU.Build.0 = Debug|Any CPU
		{A8985A5F-5080-4970-B9C8-F44FCE147C41}.Debug|Any CPU.Deploy.0 = Debug|Any CPU
		{A8985A5F-5080-4970-B9C8-F44FCE147C41}.Release|Any CPU.ActiveCfg = Release|Any CPU
		{A8985A5F-5080-4970-B9C8-F44FCE147C41}.Release|Any CPU.Build.0 = Release|Any CPU
		{A8985A5F-5080-4970-B9C8-F44FCE147C41}.Release|Any CPU.Deploy.0 = Release|Any CPU
	EndGlobalSection
	GlobalSection(SolutionProperties) = preSolution
		HideSolutionNode = FALSE
	EndGlobalSection
	GlobalSection(ExtensibilityGlobals) = postSolution
		SolutionGuid = {6BD0AE2B-76D8-435F-96CE-6DAEFB6537A1}
	EndGlobalSection
EndGlobal
